
Microsoft Visual Studio Solution File, Format Version 12.00
# Visual Studio Version 17
VisualStudioVersion = 17.14.36121.58
MinimumVisualStudioVersion = 10.0.40219.1
Project("{FAE04EC0-301F-11D3-BF4B-00C04F79EFBC}") = "CapaPresentacionAdmin", "CapaPresentacionAdmin\CapaPresentacionAdmin.csproj", "{EE2213EE-37A5-42DA-9A2D-D9E9EB240955}"
EndProject
Project("{FAE04EC0-301F-11D3-BF4B-00C04F79EFBC}") = "CapaPresentacionTienda", "CapaPresentacionTienda\CapaPresentacionTienda.csproj", "{B6C17BD0-972E-47F0-B2EF-8002AE19C04F}"
EndProject
Project("{FAE04EC0-301F-11D3-BF4B-00C04F79EFBC}") = "CapaDatos", "CapaDatos\CapaDatos.csproj", "{180AA05E-4782-4F37-A0ED-DFE1304B658C}"
EndProject
Project("{FAE04EC0-301F-11D3-BF4B-00C04F79EFBC}") = "CapaEntidad", "CapaEntidad\CapaEntidad.csproj", "{72E82FD1-C2D4-43B4-895B-44AFA99548AB}"
EndProject
Project("{FAE04EC0-301F-11D3-BF4B-00C04F79EFBC}") = "CapaNegocio", "CapaNegocio\CapaNegocio.csproj", "{817FA3DD-CCE5-42BD-9D07-5394C939E748}"
EndProject
Global
	GlobalSection(SolutionConfigurationPlatforms) = preSolution
		Debug|Any CPU = Debug|Any CPU
		Release|Any CPU = Release|Any CPU
	EndGlobalSection
	GlobalSection(ProjectConfigurationPlatforms) = postSolution
		{EE2213EE-37A5-42DA-9A2D-D9E9EB240955}.Debug|Any CPU.ActiveCfg = Debug|Any CPU
		{EE2213EE-37A5-42DA-9A2D-D9E9EB240955}.Debug|Any CPU.Build.0 = Debug|Any CPU
		{EE2213EE-37A5-42DA-9A2D-D9E9EB240955}.Release|Any CPU.ActiveCfg = Release|Any CPU
		{EE2213EE-37A5-42DA-9A2D-D9E9EB240955}.Release|Any CPU.Build.0 = Release|Any CPU
		{B6C17BD0-972E-47F0-B2EF-8002AE19C04F}.Debug|Any CPU.ActiveCfg = Debug|Any CPU
		{B6C17BD0-972E-47F0-B2EF-8002AE19C04F}.Debug|Any CPU.Build.0 = Debug|Any CPU
		{B6C17BD0-972E-47F0-B2EF-8002AE19C04F}.Release|Any CPU.ActiveCfg = Release|Any CPU
		{B6C17BD0-972E-47F0-B2EF-8002AE19C04F}.Release|Any CPU.Build.0 = Release|Any CPU
		{180AA05E-4782-4F37-A0ED-DFE1304B658C}.Debug|Any CPU.ActiveCfg = Debug|Any CPU
		{180AA05E-4782-4F37-A0ED-DFE1304B658C}.Debug|Any CPU.Build.0 = Debug|Any CPU
		{180AA05E-4782-4F37-A0ED-DFE1304B658C}.Release|Any CPU.ActiveCfg = Release|Any CPU
		{180AA05E-4782-4F37-A0ED-DFE1304B658C}.Release|Any CPU.Build.0 = Release|Any CPU
		{72E82FD1-C2D4-43B4-895B-44AFA99548AB}.Debug|Any CPU.ActiveCfg = Debug|Any CPU
		{72E82FD1-C2D4-43B4-895B-44AFA99548AB}.Debug|Any CPU.Build.0 = Debug|Any CPU
		{72E82FD1-C2D4-43B4-895B-44AFA99548AB}.Release|Any CPU.ActiveCfg = Release|Any CPU
		{72E82FD1-C2D4-43B4-895B-44AFA99548AB}.Release|Any CPU.Build.0 = Release|Any CPU
		{817FA3DD-CCE5-42BD-9D07-5394C939E748}.Debug|Any CPU.ActiveCfg = Debug|Any CPU
		{817FA3DD-CCE5-42BD-9D07-5394C939E748}.Debug|Any CPU.Build.0 = Debug|Any CPU
		{817FA3DD-CCE5-42BD-9D07-5394C939E748}.Release|Any CPU.ActiveCfg = Release|Any CPU
		{817FA3DD-CCE5-42BD-9D07-5394C939E748}.Release|Any CPU.Build.0 = Release|Any CPU
	EndGlobalSection
	GlobalSection(SolutionProperties) = preSolution
		HideSolutionNode = FALSE
	EndGlobalSection
	GlobalSection(ExtensibilityGlobals) = postSolution
		SolutionGuid = {406190F9-24E2-4C37-A1FE-0307367A5425}
	EndGlobalSection
EndGlobal
